
Microsoft Visual Studio Solution File, Format Version 12.00
# Visual Studio Version 16
VisualStudioVersion = 16.0.31112.23
MinimumVisualStudioVersion = 10.0.40219.1
Project("{8BC9CEB8-8B4A-11D0-8D11-00A0C91BC942}") = "App", "App\App.vcxproj", "{DDF72AFB-D610-4817-8C44-D19DC63ABEFC}"
EndProject
Project("{8BC9CEB8-8B4A-11D0-8D11-00A0C91BC942}") = "Framework", "..\Framework2022\Framework\Framework.vcxproj", "{196D6BE6-D6A5-4ED8-A3EC-90F7FDE40E71}"
EndProject
Global
	GlobalSection(SolutionConfigurationPlatforms) = preSolution
		Debug|x64 = Debug|x64
		Debug|x86 = Debug|x86
		Release|x64 = Release|x64
		Release|x86 = Release|x86
	EndGlobalSection
	GlobalSection(ProjectConfigurationPlatforms) = postSolution
		{DDF72AFB-D610-4817-8C44-D19DC63ABEFC}.Debug|x64.ActiveCfg = Debug|x64
		{DDF72AFB-D610-4817-8C44-D19DC63ABEFC}.Debug|x64.Build.0 = Debug|x64
		{DDF72AFB-D610-4817-8C44-D19DC63ABEFC}.Debug|x86.ActiveCfg = Debug|Win32
		{DDF72AFB-D610-4817-8C44-D19DC63ABEFC}.Debug|x86.Build.0 = Debug|Win32
		{DDF72AFB-D610-4817-8C44-D19DC63ABEFC}.Release|x64.ActiveCfg = Release|x64
		{DDF72AFB-D610-4817-8C44-D19DC63ABEFC}.Release|x64.Build.0 = Release|x64
		{DDF72AFB-D610-4817-8C44-D19DC63ABEFC}.Release|x86.ActiveCfg = Release|Win32
		{DDF72AFB-D610-4817-8C44-D19DC63ABEFC}.Release|x86.Build.0 = Release|Win32
		{196D6BE6-D6A5-4ED8-A3EC-90F7FDE40E71}.Debug|x64.ActiveCfg = Debug|x64
		{196D6BE6-D6A5-4ED8-A3EC-90F7FDE40E71}.Debug|x64.Build.0 = Debug|x64
		{196D6BE6-D6A5-4ED8-A3EC-90F7FDE40E71}.Debug|x86.ActiveCfg = Debug|Win32
		{196D6BE6-D6A5-4ED8-A3EC-90F7FDE40E71}.Debug|x86.Build.0 = Debug|Win32
		{196D6BE6-D6A5-4ED8-A3EC-90F7FDE40E71}.Release|x64.ActiveCfg = Release|x64
		{196D6BE6-D6A5-4ED8-A3EC-90F7FDE40E71}.Release|x64.Build.0 = Release|x64
		{196D6BE6-D6A5-4ED8-A3EC-90F7FDE40E71}.Release|x86.ActiveCfg = Release|Win32
		{196D6BE6-D6A5-4ED8-A3EC-90F7FDE40E71}.Release|x86.Build.0 = Release|Win32
	EndGlobalSection
	GlobalSection(SolutionProperties) = preSolution
		HideSolutionNode = FALSE
	EndGlobalSection
	GlobalSection(ExtensibilityGlobals) = postSolution
		SolutionGuid = {0E2190BB-A5B6-454C-8BA3-BB71BEA39A43}
	EndGlobalSection
EndGlobal
