<?xml version="1.0" encoding="utf-8"?>
<Project ToolsVersion="4.0" xmlns="http://schemas.microsoft.com/developer/msbuild/2003">
  <ItemGroup>
    <ClInclude Include="Application.h" />
    <ClInclude Include="Billboard.h" />
    <ClInclude Include="Binary.h" />
    <ClInclude Include="Client.h" />
    <ClInclude Include="Color.h" />
    <ClInclude Include="Data.h" />
    <ClInclude Include="Device.h" />
    <ClInclude Include="Drawer.h" />
    <ClInclude Include="Effect.h" />
    <ClInclude Include="Effector.h" />
    <ClInclude Include="Exception.h" />
    <ClInclude Include="FileSearchState.h" />
    <ClInclude Include="Graph.h" />
    <ClInclude Include="Helper.h" />
    <ClInclude Include="Image.h" />
    <ClInclude Include="ImageTarget.h" />
    <ClInclude Include="Introduction.h" />
    <ClInclude Include="Keyboard.h" />
    <ClInclude Include="Kinect.h" />
    <ClInclude Include="LoadCSV.h" />
    <ClInclude Include="Log.h" />
    <ClInclude Include="Looper.h" />
    <ClInclude Include="mathematics.h" />
    <ClInclude Include="Model.h" />
    <ClInclude Include="Mouse.h" />
    <ClInclude Include="Movie.h" />
    <ClInclude Include="Network.h" />
    <ClInclude Include="Option.h" />
    <ClInclude Include="PixelShader.h" />
    <ClInclude Include="Primitive.h" />
    <ClInclude Include="Primitive2DShader.h" />
    <ClInclude Include="Primitive3DShader.h" />
    <ClInclude Include="Scene.h" />
    <ClInclude Include="Server.h" />
    <ClInclude Include="smart_ptr.h" />
    <ClInclude Include="SoftImage.h" />
    <ClInclude Include="Sound.h" />
    <ClInclude Include="Sprites.h" />
    <ClInclude Include="Task.h" />
    <ClInclude Include="TaskManager.h" />
    <ClInclude Include="Tool.h" />
    <ClInclude Include="Touch.h" />
    <ClInclude Include="VertexShader.h" />
  </ItemGroup>
  <ItemGroup>
    <ClCompile Include="Application.cpp" />
    <ClCompile Include="Billboard.cpp" />
    <ClCompile Include="Binary.cpp" />
    <ClCompile Include="Client.cpp" />
    <ClCompile Include="Device.cpp" />
    <ClCompile Include="Drawer.cpp" />
    <ClCompile Include="Effect.cpp" />
    <ClCompile Include="Effector.cpp" />
    <ClCompile Include="Exception.cpp" />
    <ClCompile Include="FileSearchState.cpp" />
    <ClCompile Include="Graph.cpp" />
    <ClCompile Include="Helper.cpp" />
    <ClCompile Include="Image.cpp" />
    <ClCompile Include="ImageTarget.cpp" />
    <ClCompile Include="Introduction.cpp" />
    <ClCompile Include="Keyboard.cpp" />
    <ClCompile Include="Kinect.cpp" />
    <ClCompile Include="LoadCSV.cpp" />
    <ClCompile Include="Log.cpp" />
    <ClCompile Include="Looper.cpp" />
    <ClCompile Include="Model.cpp" />
    <ClCompile Include="Mouse.cpp" />
    <ClCompile Include="Movie.cpp" />
    <ClCompile Include="Option.cpp" />
    <ClCompile Include="PixelShader.cpp" />
    <ClCompile Include="Primitive.cpp" />
    <ClCompile Include="Primitive2DShader.cpp" />
    <ClCompile Include="Primitive3DShader.cpp" />
    <ClCompile Include="Scene.cpp" />
    <ClCompile Include="Server.cpp" />
    <ClCompile Include="SoftImage.cpp" />
    <ClCompile Include="Sound.cpp" />
    <ClCompile Include="Sprites.cpp" />
    <ClCompile Include="TaskManager.cpp" />
    <ClCompile Include="Tool.cpp" />
    <ClCompile Include="Touch.cpp" />
    <ClCompile Include="VertexShader.cpp" />
    <ClCompile Include="WinMain.cpp" />
  </ItemGroup>
</Project>